// !$*UTF8*$!
{
	archiveVersion = 1;
	classes = {
	};
	objectVersion = 48;
	objects = {

/* Begin PBXBuildFile section */
		18F3224A205388F60030F822 /* AppDelegate.m in Sources */ = {isa = PBXBuildFile; fileRef = 18F32249205388F60030F822 /* AppDelegate.m */; };
		18F3224D205388F60030F822 /* ViewController.m in Sources */ = {isa = PBXBuildFile; fileRef = 18F3224C205388F60030F822 /* ViewController.m */; };
		18F32250205388F70030F822 /* Main.storyboard in Resources */ = {isa = PBXBuildFile; fileRef = 18F3224E205388F70030F822 /* Main.storyboard */; };
		18F32252205388F70030F822 /* Assets.xcassets in Resources */ = {isa = PBXBuildFile; fileRef = 18F32251205388F70030F822 /* Assets.xcassets */; };
		18F32255205388F70030F822 /* LaunchScreen.storyboard in Resources */ = {isa = PBXBuildFile; fileRef = 18F32253205388F70030F822 /* LaunchScreen.storyboard */; };
		18F32258205388F70030F822 /* main.m in Sources */ = {isa = PBXBuildFile; fileRef = 18F32257205388F70030F822 /* main.m */; };
		18F32262205388F80030F822 /* FiberstoreManagerTests.m in Sources */ = {isa = PBXBuildFile; fileRef = 18F32261205388F80030F822 /* FiberstoreManagerTests.m */; };
		18F3226D205388F80030F822 /* FiberstoreManagerUITests.m in Sources */ = {isa = PBXBuildFile; fileRef = 18F3226C205388F80030F822 /* FiberstoreManagerUITests.m */; };
		18F322BA205626A70030F822 /* Myview.m in Sources */ = {isa = PBXBuildFile; fileRef = 18F322B9205626A70030F822 /* Myview.m */; };
		18FA04682352DF03005FF072 /* asdf.m in Sources */ = {isa = PBXBuildFile; fileRef = 182D19BA2352CD0C005AD46B /* asdf.m */; };
		18FA046A2352E3AF005FF072 /* Storyboard.storyboard in Resources */ = {isa = PBXBuildFile; fileRef = 18FA04632352D50D005FF072 /* Storyboard.storyboard */; };
    18FA046A2352E3AF005FF072 /* Storyboard.storyboard in Resources */ = {isa = PBXBuildFile; fileRef = 18FA04632352D50D005FF072 /* Storyboard.storyboard */; };
/* End PBXBuildFile section */

/* Begin PBXContainerItemProxy section */
		18F3225E205388F70030F822 /* PBXContainerItemProxy */ = {
			isa = PBXContainerItemProxy;
			containerPortal = 18F3223D205388F50030F822 /* Project object */;
			proxyType = 1;
			remoteGlobalIDString = 18F32244205388F60030F822;
			remoteInfo = FiberstoreManager;
		};
		18F32269205388F80030F822 /* PBXContainerItemProxy */ = {
			isa = PBXContainerItemProxy;
			containerPortal = 18F3223D205388F50030F822 /* Project object */;
			proxyType = 1;
			remoteGlobalIDString = 18F32244205388F60030F822;
			remoteInfo = FiberstoreManager;
		};
/* End PBXContainerItemProxy section */

/* Begin PBXFileReference section */
		182D19B92352CD0C005AD46B /* asdf.h */ = {isa = PBXFileReference; lastKnownFileType = sourcecode.c.h; path = asdf.h; sourceTree = "<group>"; };
		182D19BA2352CD0C005AD46B /* asdf.m */ = {isa = PBXFileReference; lastKnownFileType = sourcecode.c.objc; path = asdf.m; sourceTree = "<group>"; };
		18F32245205388F60030F822 /* FiberstoreManager.app */ = {isa = PBXFileReference; explicitFileType = wrapper.application; includeInIndex = 0; path = FiberstoreManager.app; sourceTree = BUILT_PRODUCTS_DIR; };
		18F32248205388F60030F822 /* AppDelegate.h */ = {isa = PBXFileReference; lastKnownFileType = sourcecode.c.h; path = AppDelegate.h; sourceTree = "<group>"; };
		18F32249205388F60030F822 /* AppDelegate.m */ = {isa = PBXFileReference; lastKnownFileType = sourcecode.c.objc; path = AppDelegate.m; sourceTree = "<group>"; };
		18F3224B205388F60030F822 /* ViewController.h */ = {isa = PBXFileReference; lastKnownFileType = sourcecode.c.h; path = ViewController.h; sourceTree = "<group>"; };
		18F3224C205388F60030F822 /* ViewController.m */ = {isa = PBXFileReference; lastKnownFileType = sourcecode.c.objc; path = ViewController.m; sourceTree = "<group>"; };
		18F3224F205388F70030F822 /* Base */ = {isa = PBXFileReference; lastKnownFileType = file.storyboard; name = Base; path = Base.lproj/Main.storyboard; sourceTree = "<group>"; };
		18F32251205388F70030F822 /* Assets.xcassets */ = {isa = PBXFileReference; lastKnownFileType = folder.assetcatalog; path = Assets.xcassets; sourceTree = "<group>"; };
		18F32254205388F70030F822 /* Base */ = {isa = PBXFileReference; lastKnownFileType = file.storyboard; name = Base; path = Base.lproj/LaunchScreen.storyboard; sourceTree = "<group>"; };
		18F32256205388F70030F822 /* Info.plist */ = {isa = PBXFileReference; lastKnownFileType = text.plist.xml; path = Info.plist; sourceTree = "<group>"; };
		18F32257205388F70030F822 /* main.m */ = {isa = PBXFileReference; lastKnownFileType = sourcecode.c.objc; path = main.m; sourceTree = "<group>"; };
		18F3225D205388F70030F822 /* FiberstoreManagerTests.xctest */ = {isa = PBXFileReference; explicitFileType = wrapper.cfbundle; includeInIndex = 0; path = FiberstoreManagerTests.xctest; sourceTree = BUILT_PRODUCTS_DIR; };
		18F32261205388F80030F822 /* FiberstoreManagerTests.m */ = {isa = PBXFileReference; lastKnownFileType = sourcecode.c.objc; path = FiberstoreManagerTests.m; sourceTree = "<group>"; };
		18F32263205388F80030F822 /* Info.plist */ = {isa = PBXFileReference; lastKnownFileType = text.plist.xml; path = Info.plist; sourceTree = "<group>"; };
		18F32268205388F80030F822 /* FiberstoreManagerUITests.xctest */ = {isa = PBXFileReference; explicitFileType = wrapper.cfbundle; includeInIndex = 0; path = FiberstoreManagerUITests.xctest; sourceTree = BUILT_PRODUCTS_DIR; };
		18F3226C205388F80030F822 /* FiberstoreManagerUITests.m */ = {isa = PBXFileReference; lastKnownFileType = sourcecode.c.objc; path = FiberstoreManagerUITests.m; sourceTree = "<group>"; };
		18F3226E205388F80030F822 /* Info.plist */ = {isa = PBXFileReference; lastKnownFileType = text.plist.xml; path = Info.plist; sourceTree = "<group>"; };
		18F322B8205626A70030F822 /* Myview.h */ = {isa = PBXFileReference; lastKnownFileType = sourcecode.c.h; path = Myview.h; sourceTree = "<group>"; };
		18F322B9205626A70030F822 /* Myview.m */ = {isa = PBXFileReference; lastKnownFileType = sourcecode.c.objc; path = Myview.m; sourceTree = "<group>"; };
		18FA04632352D50D005FF072 /* Storyboard.storyboard */ = {isa = PBXFileReference; lastKnownFileType = file.storyboard; path = Storyboard.storyboard; sourceTree = "<group>"; };
/* End PBXFileReference section */

/* Begin PBXFrameworksBuildPhase section */
		18F32242205388F60030F822 /* Frameworks */ = {
			isa = PBXFrameworksBuildPhase;
			buildActionMask = 2147483647;
			files = (
			);
			runOnlyForDeploymentPostprocessing = 0;
		};
		18F3225A205388F70030F822 /* Frameworks */ = {
			isa = PBXFrameworksBuildPhase;
			buildActionMask = 2147483647;
			files = (
			);
			runOnlyForDeploymentPostprocessing = 0;
		};
		18F32265205388F80030F822 /* Frameworks */ = {
			isa = PBXFrameworksBuildPhase;
			buildActionMask = 2147483647;
			files = (
			);
			runOnlyForDeploymentPostprocessing = 0;
		};
/* End PBXFrameworksBuildPhase section */

/* Begin PBXGroup section */
		18F3223C205388F50030F822 = {
			isa = PBXGroup;
			children = (
				18F32247205388F60030F822 /* FiberstoreManager */,
				18F32260205388F80030F822 /* FiberstoreManagerTests */,
				18F3226B205388F80030F822 /* FiberstoreManagerUITests */,
				18F32246205388F60030F822 /* Products */,
			);
			sourceTree = "<group>";
		};
		18F32246205388F60030F822 /* Products */ = {
			isa = PBXGroup;
			children = (
				18F32245205388F60030F822 /* FiberstoreManager.app */,
				18F3225D205388F70030F822 /* FiberstoreManagerTests.xctest */,
				18F32268205388F80030F822 /* FiberstoreManagerUITests.xctest */,
			);
			name = Products;
			sourceTree = "<group>";
		};
		18F32247205388F60030F822 /* FiberstoreManager */ = {
			isa = PBXGroup;
			children = (
				18F32248205388F60030F822 /* AppDelegate.h */,
				18F32249205388F60030F822 /* AppDelegate.m */,
				18F3224B205388F60030F822 /* ViewController.h */,
				18F3224C205388F60030F822 /* ViewController.m */,
				18F322B8205626A70030F822 /* Myview.h */,
				18F322B9205626A70030F822 /* Myview.m */,
				182D19B92352CD0C005AD46B /* asdf.h */,
				182D19BA2352CD0C005AD46B /* asdf.m */,
				18F3224E205388F70030F822 /* Main.storyboard */,
				18FA04632352D50D005FF072 /* Storyboard.storyboard */,
				18F32251205388F70030F822 /* Assets.xcassets */,
				18F32253205388F70030F822 /* LaunchScreen.storyboard */,
				18F32256205388F70030F822 /* Info.plist */,
				18F32257205388F70030F822 /* main.m */,
			);
			path = FiberstoreManager;
			sourceTree = "<group>";
		};
		18F32260205388F80030F822 /* FiberstoreManagerTests */ = {
			isa = PBXGroup;
			children = (
				18F32261205388F80030F822 /* FiberstoreManagerTests.m */,
				18F32263205388F80030F822 /* Info.plist */,
			);
			path = FiberstoreManagerTests;
			sourceTree = "<group>";
		};
		18F3226B205388F80030F822 /* FiberstoreManagerUITests */ = {
			isa = PBXGroup;
			children = (
				18F3226C205388F80030F822 /* FiberstoreManagerUITests.m */,
				18F3226E205388F80030F822 /* Info.plist */,
			);
			path = FiberstoreManagerUITests;
			sourceTree = "<group>";
		};
/* End PBXGroup section */

/* Begin PBXNativeTarget section */
		18F32244205388F60030F822 /* FiberstoreManager */ = {
			isa = PBXNativeTarget;
			buildConfigurationList = 18F32271205388F80030F822 /* Build configuration list for PBXNativeTarget "FiberstoreManager" */;
			buildPhases = (
				18F32241205388F60030F822 /* Sources */,
				18F32242205388F60030F822 /* Frameworks */,
				18F32243205388F60030F822 /* Resources */,
			);
			buildRules = (
			);
			dependencies = (
			);
			name = FiberstoreManager;
			productName = FiberstoreManager;
			productReference = 18F32245205388F60030F822 /* FiberstoreManager.app */;
			productType = "com.apple.product-type.application";
		};
		18F3225C205388F70030F822 /* FiberstoreManagerTests */ = {
			isa = PBXNativeTarget;
			buildConfigurationList = 18F32274205388F80030F822 /* Build configuration list for PBXNativeTarget "FiberstoreManagerTests" */;
			buildPhases = (
				18F32259205388F70030F822 /* Sources */,
				18F3225A205388F70030F822 /* Frameworks */,
				18F3225B205388F70030F822 /* Resources */,
			);
			buildRules = (
			);
			dependencies = (
				18F3225F205388F70030F822 /* PBXTargetDependency */,
			);
			name = FiberstoreManagerTests;
			productName = FiberstoreManagerTests;
			productReference = 18F3225D205388F70030F822 /* FiberstoreManagerTests.xctest */;
			productType = "com.apple.product-type.bundle.unit-test";
		};
		18F32267205388F80030F822 /* FiberstoreManagerUITests */ = {
			isa = PBXNativeTarget;
			buildConfigurationList = 18F32277205388F80030F822 /* Build configuration list for PBXNativeTarget "FiberstoreManagerUITests" */;
			buildPhases = (
				18F32264205388F80030F822 /* Sources */,
				18F32265205388F80030F822 /* Frameworks */,
				18F32266205388F80030F822 /* Resources */,
			);
			buildRules = (
			);
			dependencies = (
				18F3226A205388F80030F822 /* PBXTargetDependency */,
			);
			name = FiberstoreManagerUITests;
			productName = FiberstoreManagerUITests;
			productReference = 18F32268205388F80030F822 /* FiberstoreManagerUITests.xctest */;
			productType = "com.apple.product-type.bundle.ui-testing";
		};
/* End PBXNativeTarget section */

/* Begin PBXProject section */
		18F3223D205388F50030F822 /* Project object */ = {
			isa = PBXProject;
			attributes = {
				LastUpgradeCheck = 0920;
				ORGANIZATIONNAME = 123;
				TargetAttributes = {
					18F32244205388F60030F822 = {
						CreatedOnToolsVersion = 9.2;
						ProvisioningStyle = Automatic;
					};
					18F3225C205388F70030F822 = {
						CreatedOnToolsVersion = 9.2;
						ProvisioningStyle = Automatic;
						TestTargetID = 18F32244205388F60030F822;
					};
					18F32267205388F80030F822 = {
						CreatedOnToolsVersion = 9.2;
						ProvisioningStyle = Automatic;
						TestTargetID = 18F32244205388F60030F822;
					};
				};
			};
			buildConfigurationList = 18F32240205388F50030F822 /* Build configuration list for PBXProject "FiberstoreManager" */;
			compatibilityVersion = "Xcode 8.0";
			developmentRegion = en;
			hasScannedForEncodings = 0;
			knownRegions = (
				en,
				Base,
			);
			mainGroup = 18F3223C205388F50030F822;
			productRefGroup = 18F32246205388F60030F822 /* Products */;
			projectDirPath = "";
			projectRoot = "";
			targets = (
				18F32244205388F60030F822 /* FiberstoreManager */,
				18F3225C205388F70030F822 /* FiberstoreManagerTests */,
				18F32267205388F80030F822 /* FiberstoreManagerUITests */,
			);
		};
/* End PBXProject section */

/* Begin PBXResourcesBuildPhase section */
		18F32243205388F60030F822 /* Resources */ = {
			isa = PBXResourcesBuildPhase;
			buildActionMask = 2147483647;
			files = (
				18FA046A2352E3AF005FF072 /* Storyboard.storyboard in Resources */,
    18FA046A2352E3AF005FF072 /* Storyboard.storyboard in Resources */,
				18F32250205388F70030F822 /* Main.storyboard in Resources */,
				18F32255205388F70030F822 /* LaunchScreen.storyboard in Resources */,
				18F32252205388F70030F822 /* Assets.xcassets in Resources */,
			);
			runOnlyForDeploymentPostprocessing = 0;
		};
		18F3225B205388F70030F822 /* Resources */ = {
			isa = PBXResourcesBuildPhase;
			buildActionMask = 2147483647;
			files = (
			);
			runOnlyForDeploymentPostprocessing = 0;
		};
		18F32266205388F80030F822 /* Resources */ = {
			isa = PBXResourcesBuildPhase;
			buildActionMask = 2147483647;
			files = (
			);
			runOnlyForDeploymentPostprocessing = 0;
		};
/* End PBXResourcesBuildPhase section */

/* Begin PBXSourcesBuildPhase section */
		18F32241205388F60030F822 /* Sources */ = {
			isa = PBXSourcesBuildPhase;
			buildActionMask = 2147483647;
			files = (
				18F322BA205626A70030F822 /* Myview.m in Sources */,
				18FA04682352DF03005FF072 /* asdf.m in Sources */,
				18F3224D205388F60030F822 /* ViewController.m in Sources */,
				18F32258205388F70030F822 /* main.m in Sources */,
				18F3224A205388F60030F822 /* AppDelegate.m in Sources */,
			);
			runOnlyForDeploymentPostprocessing = 0;
		};
		18F32259205388F70030F822 /* Sources */ = {
			isa = PBXSourcesBuildPhase;
			buildActionMask = 2147483647;
			files = (
				18F32262205388F80030F822 /* FiberstoreManagerTests.m in Sources */,
			);
			runOnlyForDeploymentPostprocessing = 0;
		};
		18F32264205388F80030F822 /* Sources */ = {
			isa = PBXSourcesBuildPhase;
			buildActionMask = 2147483647;
			files = (
				18F3226D205388F80030F822 /* FiberstoreManagerUITests.m in Sources */,
			);
			runOnlyForDeploymentPostprocessing = 0;
		};
/* End PBXSourcesBuildPhase section */

/* Begin PBXTargetDependency section */
		18F3225F205388F70030F822 /* PBXTargetDependency */ = {
			isa = PBXTargetDependency;
			target = 18F32244205388F60030F822 /* FiberstoreManager */;
			targetProxy = 18F3225E205388F70030F822 /* PBXContainerItemProxy */;
		};
		18F3226A205388F80030F822 /* PBXTargetDependency */ = {
			isa = PBXTargetDependency;
			target = 18F32244205388F60030F822 /* FiberstoreManager */;
			targetProxy = 18F32269205388F80030F822 /* PBXContainerItemProxy */;
		};
/* End PBXTargetDependency section */

/* Begin PBXVariantGroup section */
		18F3224E205388F70030F822 /* Main.storyboard */ = {
			isa = PBXVariantGroup;
			children = (
				18F3224F205388F70030F822 /* Base */,
			);
			name = Main.storyboard;
			sourceTree = "<group>";
		};
		18F32253205388F70030F822 /* LaunchScreen.storyboard */ = {
			isa = PBXVariantGroup;
			children = (
				18F32254205388F70030F822 /* Base */,
			);
			name = LaunchScreen.storyboard;
			sourceTree = "<group>";
		};
/* End PBXVariantGroup section */

/* Begin XCBuildConfiguration section */
		18F3226F205388F80030F822 /* Debug */ = {
			isa = XCBuildConfiguration;
			buildSettings = {
				ALWAYS_SEARCH_USER_PATHS = NO;
				CLANG_ANALYZER_NONNULL = YES;
				CLANG_ANALYZER_NUMBER_OBJECT_CONVERSION = YES_AGGRESSIVE;
				CLANG_CXX_LANGUAGE_STANDARD = "gnu++14";
				CLANG_CXX_LIBRARY = "libc++";
				CLANG_ENABLE_MODULES = YES;
				CLANG_ENABLE_OBJC_ARC = YES;
				CLANG_WARN_BLOCK_CAPTURE_AUTORELEASING = YES;
				CLANG_WARN_BOOL_CONVERSION = YES;
				CLANG_WARN_COMMA = YES;
				CLANG_WARN_CONSTANT_CONVERSION = YES;
				CLANG_WARN_DIRECT_OBJC_ISA_USAGE = YES_ERROR;
				CLANG_WARN_DOCUMENTATION_COMMENTS = YES;
				CLANG_WARN_EMPTY_BODY = YES;
				CLANG_WARN_ENUM_CONVERSION = YES;
				CLANG_WARN_INFINITE_RECURSION = YES;
				CLANG_WARN_INT_CONVERSION = YES;
				CLANG_WARN_NON_LITERAL_NULL_CONVERSION = YES;
				CLANG_WARN_OBJC_LITERAL_CONVERSION = YES;
				CLANG_WARN_OBJC_ROOT_CLASS = YES_ERROR;
				CLANG_WARN_RANGE_LOOP_ANALYSIS = YES;
				CLANG_WARN_STRICT_PROTOTYPES = YES;
				CLANG_WARN_SUSPICIOUS_MOVE = YES;
				CLANG_WARN_UNGUARDED_AVAILABILITY = YES_AGGRESSIVE;
				CLANG_WARN_UNREACHABLE_CODE = YES;
				CLANG_WARN__DUPLICATE_METHOD_MATCH = YES;
				CODE_SIGN_IDENTITY = "iPhone Developer";
				COPY_PHASE_STRIP = NO;
				DEBUG_INFORMATION_FORMAT = dwarf;
				ENABLE_STRICT_OBJC_MSGSEND = YES;
				ENABLE_TESTABILITY = YES;
				GCC_C_LANGUAGE_STANDARD = gnu11;
				GCC_DYNAMIC_NO_PIC = NO;
				GCC_NO_COMMON_BLOCKS = YES;
				GCC_OPTIMIZATION_LEVEL = 0;
				GCC_PREPROCESSOR_DEFINITIONS = (
					"DEBUG=1",
					"$(inherited)",
				);
				GCC_WARN_64_TO_32_BIT_CONVERSION = YES;
				GCC_WARN_ABOUT_RETURN_TYPE = YES_ERROR;
				GCC_WARN_UNDECLARED_SELECTOR = YES;
				GCC_WARN_UNINITIALIZED_AUTOS = YES_AGGRESSIVE;
				GCC_WARN_UNUSED_FUNCTION = YES;
				GCC_WARN_UNUSED_VARIABLE = YES;
				IPHONEOS_DEPLOYMENT_TARGET = 11.2;
				MTL_ENABLE_DEBUG_INFO = YES;
				ONLY_ACTIVE_ARCH = YES;
				SDKROOT = iphoneos;
			};
			name = Debug;
		};
		18F32270205388F80030F822 /* Release */ = {
			isa = XCBuildConfiguration;
			buildSettings = {
				ALWAYS_SEARCH_USER_PATHS = NO;
				CLANG_ANALYZER_NONNULL = YES;
				CLANG_ANALYZER_NUMBER_OBJECT_CONVERSION = YES_AGGRESSIVE;
				CLANG_CXX_LANGUAGE_STANDARD = "gnu++14";
				CLANG_CXX_LIBRARY = "libc++";
				CLANG_ENABLE_MODULES = YES;
				CLANG_ENABLE_OBJC_ARC = YES;
				CLANG_WARN_BLOCK_CAPTURE_AUTORELEASING = YES;
				CLANG_WARN_BOOL_CONVERSION = YES;
				CLANG_WARN_COMMA = YES;
				CLANG_WARN_CONSTANT_CONVERSION = YES;
				CLANG_WARN_DIRECT_OBJC_ISA_USAGE = YES_ERROR;
				CLANG_WARN_DOCUMENTATION_COMMENTS = YES;
				CLANG_WARN_EMPTY_BODY = YES;
				CLANG_WARN_ENUM_CONVERSION = YES;
				CLANG_WARN_INFINITE_RECURSION = YES;
				CLANG_WARN_INT_CONVERSION = YES;
				CLANG_WARN_NON_LITERAL_NULL_CONVERSION = YES;
				CLANG_WARN_OBJC_LITERAL_CONVERSION = YES;
				CLANG_WARN_OBJC_ROOT_CLASS = YES_ERROR;
				CLANG_WARN_RANGE_LOOP_ANALYSIS = YES;
				CLANG_WARN_STRICT_PROTOTYPES = YES;
				CLANG_WARN_SUSPICIOUS_MOVE = YES;
				CLANG_WARN_UNGUARDED_AVAILABILITY = YES_AGGRESSIVE;
				CLANG_WARN_UNREACHABLE_CODE = YES;
				CLANG_WARN__DUPLICATE_METHOD_MATCH = YES;
				CODE_SIGN_IDENTITY = "iPhone Developer";
				COPY_PHASE_STRIP = NO;
				DEBUG_INFORMATION_FORMAT = "dwarf-with-dsym";
				ENABLE_NS_ASSERTIONS = NO;
				ENABLE_STRICT_OBJC_MSGSEND = YES;
				GCC_C_LANGUAGE_STANDARD = gnu11;
				GCC_NO_COMMON_BLOCKS = YES;
				GCC_WARN_64_TO_32_BIT_CONVERSION = YES;
				GCC_WARN_ABOUT_RETURN_TYPE = YES_ERROR;
				GCC_WARN_UNDECLARED_SELECTOR = YES;
				GCC_WARN_UNINITIALIZED_AUTOS = YES_AGGRESSIVE;
				GCC_WARN_UNUSED_FUNCTION = YES;
				GCC_WARN_UNUSED_VARIABLE = YES;
				IPHONEOS_DEPLOYMENT_TARGET = 11.2;
				MTL_ENABLE_DEBUG_INFO = NO;
				SDKROOT = iphoneos;
				VALIDATE_PRODUCT = YES;
			};
			name = Release;
		};
		18F32272205388F80030F822 /* Debug */ = {
			isa = XCBuildConfiguration;
			buildSettings = {
				ASSETCATALOG_COMPILER_APPICON_NAME = AppIcon;
				CODE_SIGN_STYLE = Automatic;
				INFOPLIST_FILE = FiberstoreManager/Info.plist;
				LD_RUNPATH_SEARCH_PATHS = "$(inherited) @executable_path/Frameworks";
				PRODUCT_BUNDLE_IDENTIFIER = My.FiberstoreManager;
				PRODUCT_NAME = "$(TARGET_NAME)";
				TARGETED_DEVICE_FAMILY = "1,2";
			};
			name = Debug;
		};
		18F32273205388F80030F822 /* Release */ = {
			isa = XCBuildConfiguration;
			buildSettings = {
				ASSETCATALOG_COMPILER_APPICON_NAME = AppIcon;
				CODE_SIGN_STYLE = Automatic;
				INFOPLIST_FILE = FiberstoreManager/Info.plist;
				LD_RUNPATH_SEARCH_PATHS = "$(inherited) @executable_path/Frameworks";
				PRODUCT_BUNDLE_IDENTIFIER = My.FiberstoreManager;
				PRODUCT_NAME = "$(TARGET_NAME)";
				TARGETED_DEVICE_FAMILY = "1,2";
			};
			name = Release;
		};
		18F32275205388F80030F822 /* Debug */ = {
			isa = XCBuildConfiguration;
			buildSettings = {
				BUNDLE_LOADER = "$(TEST_HOST)";
				CODE_SIGN_STYLE = Automatic;
				INFOPLIST_FILE = FiberstoreManagerTests/Info.plist;
				LD_RUNPATH_SEARCH_PATHS = "$(inherited) @executable_path/Frameworks @loader_path/Frameworks";
				PRODUCT_BUNDLE_IDENTIFIER = My.FiberstoreManagerTests;
				PRODUCT_NAME = "$(TARGET_NAME)";
				TARGETED_DEVICE_FAMILY = "1,2";
				TEST_HOST = "$(BUILT_PRODUCTS_DIR)/FiberstoreManager.app/FiberstoreManager";
			};
			name = Debug;
		};
		18F32276205388F80030F822 /* Release */ = {
			isa = XCBuildConfiguration;
			buildSettings = {
				BUNDLE_LOADER = "$(TEST_HOST)";
				CODE_SIGN_STYLE = Automatic;
				INFOPLIST_FILE = FiberstoreManagerTests/Info.plist;
				LD_RUNPATH_SEARCH_PATHS = "$(inherited) @executable_path/Frameworks @loader_path/Frameworks";
				PRODUCT_BUNDLE_IDENTIFIER = My.FiberstoreManagerTests;
				PRODUCT_NAME = "$(TARGET_NAME)";
				TARGETED_DEVICE_FAMILY = "1,2";
				TEST_HOST = "$(BUILT_PRODUCTS_DIR)/FiberstoreManager.app/FiberstoreManager";
			};
			name = Release;
		};
		18F32278205388F80030F822 /* Debug */ = {
			isa = XCBuildConfiguration;
			buildSettings = {
				CODE_SIGN_STYLE = Automatic;
				INFOPLIST_FILE = FiberstoreManagerUITests/Info.plist;
				LD_RUNPATH_SEARCH_PATHS = "$(inherited) @executable_path/Frameworks @loader_path/Frameworks";
				PRODUCT_BUNDLE_IDENTIFIER = My.FiberstoreManagerUITests;
				PRODUCT_NAME = "$(TARGET_NAME)";
				TARGETED_DEVICE_FAMILY = "1,2";
				TEST_TARGET_NAME = FiberstoreManager;
			};
			name = Debug;
		};
		18F32279205388F80030F822 /* Release */ = {
			isa = XCBuildConfiguration;
			buildSettings = {
				CODE_SIGN_STYLE = Automatic;
				INFOPLIST_FILE = FiberstoreManagerUITests/Info.plist;
				LD_RUNPATH_SEARCH_PATHS = "$(inherited) @executable_path/Frameworks @loader_path/Frameworks";
				PRODUCT_BUNDLE_IDENTIFIER = My.FiberstoreManagerUITests;
				PRODUCT_NAME = "$(TARGET_NAME)";
				TARGETED_DEVICE_FAMILY = "1,2";
				TEST_TARGET_NAME = FiberstoreManager;
			};
			name = Release;
		};
/* End XCBuildConfiguration section */

/* Begin XCConfigurationList section */
		18F32240205388F50030F822 /* Build configuration list for PBXProject "FiberstoreManager" */ = {
			isa = XCConfigurationList;
			buildConfigurations = (
				18F3226F205388F80030F822 /* Debug */,
				18F32270205388F80030F822 /* Release */,
			);
			defaultConfigurationIsVisible = 0;
			defaultConfigurationName = Release;
		};
		18F32271205388F80030F822 /* Build configuration list for PBXNativeTarget "FiberstoreManager" */ = {
			isa = XCConfigurationList;
			buildConfigurations = (
				18F32272205388F80030F822 /* Debug */,
				18F32273205388F80030F822 /* Release */,
			);
			defaultConfigurationIsVisible = 0;
			defaultConfigurationName = Release;
		};
		18F32274205388F80030F822 /* Build configuration list for PBXNativeTarget "FiberstoreManagerTests" */ = {
			isa = XCConfigurationList;
			buildConfigurations = (
				18F32275205388F80030F822 /* Debug */,
				18F32276205388F80030F822 /* Release */,
			);
			defaultConfigurationIsVisible = 0;
			defaultConfigurationName = Release;
		};
		18F32277205388F80030F822 /* Build configuration list for PBXNativeTarget "FiberstoreManagerUITests" */ = {
			isa = XCConfigurationList;
			buildConfigurations = (
				18F32278205388F80030F822 /* Debug */,
				18F32279205388F80030F822 /* Release */,
			);
			defaultConfigurationIsVisible = 0;
			defaultConfigurationName = Release;
		};
/* End XCConfigurationList section */
	};
	rootObject = 18F3223D205388F50030F822 /* Project object */;
}
